
Microsoft Visual Studio Solution File, Format Version 12.00
# Visual Studio Version 17
VisualStudioVersion = 17.9.34701.34
MinimumVisualStudioVersion = 10.0.40219.1
Project("{9A19103F-16F7-4668-BE54-9A1E7A4F7556}") = "BookManagementReact", "BookManagementReact\BookManagementReact.csproj", "{5E6CC1E9-C915-4A06-9D0A-07F22C582206}"
EndProject
Global
	GlobalSection(SolutionConfigurationPlatforms) = preSolution
		Debug|Any CPU = Debug|Any CPU
		Release|Any CPU = Release|Any CPU
	EndGlobalSection
	GlobalSection(ProjectConfigurationPlatforms) = postSolution
		{5E6CC1E9-C915-4A06-9D0A-07F22C582206}.Debug|Any CPU.ActiveCfg = Debug|Any CPU
		{5E6CC1E9-C915-4A06-9D0A-07F22C582206}.Debug|Any CPU.Build.0 = Debug|Any CPU
		{5E6CC1E9-C915-4A06-9D0A-07F22C582206}.Release|Any CPU.ActiveCfg = Release|Any CPU
		{5E6CC1E9-C915-4A06-9D0A-07F22C582206}.Release|Any CPU.Build.0 = Release|Any CPU
	EndGlobalSection
	GlobalSection(SolutionProperties) = preSolution
		HideSolutionNode = FALSE
	EndGlobalSection
	GlobalSection(ExtensibilityGlobals) = postSolution
		SolutionGuid = {C3C40815-9147-4C10-A131-CCDDF47C1B4E}
	EndGlobalSection
EndGlobal
